
Microsoft Visual Studio Solution File, Format Version 12.00
# Visual Studio Version 17
VisualStudioVersion = 17.0.32014.148
MinimumVisualStudioVersion = 10.0.40219.1
Project("{9A19103F-16F7-4668-BE54-9A1E7A4F7556}") = "WpfApp3", "WpfApp3\WpfApp3.csproj", "{71239B19-81EB-4590-A011-C50CA3959970}"
EndProject
Project("{9A19103F-16F7-4668-BE54-9A1E7A4F7556}") = "liquidsnake", "D:\hui\ClassLibrary4\ClassLibrary4\liquidsnake.csproj", "{2E5017D3-184F-4A76-A45F-428CB09AF382}"
EndProject
Project("{9A19103F-16F7-4668-BE54-9A1E7A4F7556}") = "ClassLibrary1", "ClassLibrary1\ClassLibrary1.csproj", "{167F6F3C-B200-4830-B12B-AEC2065D6C4A}"
EndProject
Global
	GlobalSection(SolutionConfigurationPlatforms) = preSolution
		Debug|Any CPU = Debug|Any CPU
		Release|Any CPU = Release|Any CPU
	EndGlobalSection
	GlobalSection(ProjectConfigurationPlatforms) = postSolution
		{71239B19-81EB-4590-A011-C50CA3959970}.Debug|Any CPU.ActiveCfg = Debug|Any CPU
		{71239B19-81EB-4590-A011-C50CA3959970}.Debug|Any CPU.Build.0 = Debug|Any CPU
		{71239B19-81EB-4590-A011-C50CA3959970}.Release|Any CPU.ActiveCfg = Release|Any CPU
		{71239B19-81EB-4590-A011-C50CA3959970}.Release|Any CPU.Build.0 = Release|Any CPU
		{2E5017D3-184F-4A76-A45F-428CB09AF382}.Debug|Any CPU.ActiveCfg = Debug|Any CPU
		{2E5017D3-184F-4A76-A45F-428CB09AF382}.Debug|Any CPU.Build.0 = Debug|Any CPU
		{2E5017D3-184F-4A76-A45F-428CB09AF382}.Release|Any CPU.ActiveCfg = Release|Any CPU
		{2E5017D3-184F-4A76-A45F-428CB09AF382}.Release|Any CPU.Build.0 = Release|Any CPU
		{167F6F3C-B200-4830-B12B-AEC2065D6C4A}.Debug|Any CPU.ActiveCfg = Debug|Any CPU
		{167F6F3C-B200-4830-B12B-AEC2065D6C4A}.Debug|Any CPU.Build.0 = Debug|Any CPU
		{167F6F3C-B200-4830-B12B-AEC2065D6C4A}.Release|Any CPU.ActiveCfg = Release|Any CPU
		{167F6F3C-B200-4830-B12B-AEC2065D6C4A}.Release|Any CPU.Build.0 = Release|Any CPU
	EndGlobalSection
	GlobalSection(SolutionProperties) = preSolution
		HideSolutionNode = FALSE
	EndGlobalSection
	GlobalSection(ExtensibilityGlobals) = postSolution
		SolutionGuid = {64D1BFA9-8A93-43DC-A49D-B39BB9D5B900}
	EndGlobalSection
EndGlobal
